Microsoft Visual Studio Solution File, Format Version 12.00
# Visual Studio Version 17
VisualStudioVersion = 17.5.2.0
MinimumVisualStudioVersion = 10.0.40219.1
Project("{FAE04EC0-301F-11D3-BF4B-00C04F79EFBC}") = "carro", "carro.csproj", "{87730B73-2D7E-33F2-2C5D-AB39E8E34543}"
EndProject
Global
	GlobalSection(SolutionConfigurationPlatforms) = preSolution
		Debug|Any CPU = Debug|Any CPU
		Release|Any CPU = Release|Any CPU
	EndGlobalSection
	GlobalSection(ProjectConfigurationPlatforms) = postSolution
		{87730B73-2D7E-33F2-2C5D-AB39E8E34543}.Debug|Any CPU.ActiveCfg = Debug|Any CPU
		{87730B73-2D7E-33F2-2C5D-AB39E8E34543}.Debug|Any CPU.Build.0 = Debug|Any CPU
		{87730B73-2D7E-33F2-2C5D-AB39E8E34543}.Release|Any CPU.ActiveCfg = Release|Any CPU
		{87730B73-2D7E-33F2-2C5D-AB39E8E34543}.Release|Any CPU.Build.0 = Release|Any CPU
	EndGlobalSection
	GlobalSection(SolutionProperties) = preSolution
		HideSolutionNode = FALSE
	EndGlobalSection
	GlobalSection(ExtensibilityGlobals) = postSolution
		SolutionGuid = {6D6A613E-0AD8-4A96-BAE8-BF80F8E12277}
	EndGlobalSection
EndGlobal
